// !$*UTF8*$!
{
	archiveVersion = 1;
	classes = {
	};
	objectVersion = 56;
	objects = {

/* Begin PBXBuildFile section */
		780303102984DB9A00A0BA35 /* RoundedImageView.swift in Sources */ = {isa = PBXBuildFile; fileRef = 7803030F2984DB9A00A0BA35 /* RoundedImageView.swift */; };
		780303122984FC2000A0BA35 /* EmptyTableViewCell.swift in Sources */ = {isa = PBXBuildFile; fileRef = 780303112984FC2000A0BA35 /* EmptyTableViewCell.swift */; };
		780303142985149700A0BA35 /* String+withXMLChars.swift in Sources */ = {isa = PBXBuildFile; fileRef = 780303132985149700A0BA35 /* String+withXMLChars.swift */; };
		78E3EC44297FA56600A56B65 /* AppDelegate.swift in Sources */ = {isa = PBXBuildFile; fileRef = 78E3EC43297FA56600A56B65 /* AppDelegate.swift */; };
		78E3EC46297FA56600A56B65 /* SceneDelegate.swift in Sources */ = {isa = PBXBuildFile; fileRef = 78E3EC45297FA56600A56B65 /* SceneDelegate.swift */; };
		78E3EC48297FA56600A56B65 /* BoardGameController.swift in Sources */ = {isa = PBXBuildFile; fileRef = 78E3EC47297FA56600A56B65 /* BoardGameController.swift */; };
		78E3EC4B297FA56600A56B65 /* Main.storyboard in Resources */ = {isa = PBXBuildFile; fileRef = 78E3EC49297FA56600A56B65 /* Main.storyboard */; };
		78E3EC4D297FA56700A56B65 /* Assets.xcassets in Resources */ = {isa = PBXBuildFile; fileRef = 78E3EC4C297FA56700A56B65 /* Assets.xcassets */; };
		78E3EC50297FA56700A56B65 /* LaunchScreen.storyboard in Resources */ = {isa = PBXBuildFile; fileRef = 78E3EC4E297FA56700A56B65 /* LaunchScreen.storyboard */; };
		78E3EC59297FA6C200A56B65 /* BoardGameViewModel.swift in Sources */ = {isa = PBXBuildFile; fileRef = 78E3EC58297FA6C200A56B65 /* BoardGameViewModel.swift */; };
		78E3EC5C297FA71D00A56B65 /* BoardGameService.swift in Sources */ = {isa = PBXBuildFile; fileRef = 78E3EC5B297FA71D00A56B65 /* BoardGameService.swift */; };
		78E3EC60297FA9BD00A56B65 /* BoardGame.swift in Sources */ = {isa = PBXBuildFile; fileRef = 78E3EC5F297FA9BD00A56B65 /* BoardGame.swift */; };
		78E3EC62297FF41600A56B65 /* BoardGameTableViewCell.swift in Sources */ = {isa = PBXBuildFile; fileRef = 78E3EC61297FF41600A56B65 /* BoardGameTableViewCell.swift */; };
		78E3EC642981F71100A56B65 /* SearchResultParser.swift in Sources */ = {isa = PBXBuildFile; fileRef = 78E3EC632981F71100A56B65 /* SearchResultParser.swift */; };
		78E3EC662981FC3800A56B65 /* ServiceProtocols.swift in Sources */ = {isa = PBXBuildFile; fileRef = 78E3EC652981FC3800A56B65 /* ServiceProtocols.swift */; };
		78E3EC6E29833D7900A56B65 /* DetailViewController.swift in Sources */ = {isa = PBXBuildFile; fileRef = 78E3EC6D29833D7900A56B65 /* DetailViewController.swift */; };
		78E3EC7029833D8E00A56B65 /* DetailViewModel.swift in Sources */ = {isa = PBXBuildFile; fileRef = 78E3EC6F29833D8E00A56B65 /* DetailViewModel.swift */; };
		78E3EC7229833DD500A56B65 /* BoardGameDetails.swift in Sources */ = {isa = PBXBuildFile; fileRef = 78E3EC7129833DD500A56B65 /* BoardGameDetails.swift */; };
		78E3EC74298363A200A56B65 /* DetailParser.swift in Sources */ = {isa = PBXBuildFile; fileRef = 78E3EC73298363A200A56B65 /* DetailParser.swift */; };
		78E3EC762983836C00A56B65 /* StoryboardProtocol.swift in Sources */ = {isa = PBXBuildFile; fileRef = 78E3EC752983836C00A56B65 /* StoryboardProtocol.swift */; };
/* End PBXBuildFile section */

/* Begin PBXFileReference section */
		7803030F2984DB9A00A0BA35 /* RoundedImageView.swift */ = {isa = PBXFileReference; lastKnownFileType = sourcecode.swift; path = RoundedImageView.swift; sourceTree = "<group>"; };
		780303112984FC2000A0BA35 /* EmptyTableViewCell.swift */ = {isa = PBXFileReference; lastKnownFileType = sourcecode.swift; path = EmptyTableViewCell.swift; sourceTree = "<group>"; };
		780303132985149700A0BA35 /* String+withXMLChars.swift */ = {isa = PBXFileReference; lastKnownFileType = sourcecode.swift; path = "String+withXMLChars.swift"; sourceTree = "<group>"; };
		78E3EC40297FA56600A56B65 /* BoardGameGeek.app */ = {isa = PBXFileReference; explicitFileType = wrapper.application; includeInIndex = 0; path = BoardGameGeek.app; sourceTree = BUILT_PRODUCTS_DIR; };
		78E3EC43297FA56600A56B65 /* AppDelegate.swift */ = {isa = PBXFileReference; lastKnownFileType = sourcecode.swift; path = AppDelegate.swift; sourceTree = "<group>"; };
		78E3EC45297FA56600A56B65 /* SceneDelegate.swift */ = {isa = PBXFileReference; lastKnownFileType = sourcecode.swift; path = SceneDelegate.swift; sourceTree = "<group>"; };
		78E3EC47297FA56600A56B65 /* BoardGameController.swift */ = {isa = PBXFileReference; lastKnownFileType = sourcecode.swift; path = BoardGameController.swift; sourceTree = "<group>"; };
		78E3EC4A297FA56600A56B65 /* Base */ = {isa = PBXFileReference; lastKnownFileType = file.storyboard; name = Base; path = Base.lproj/Main.storyboard; sourceTree = "<group>"; };
		78E3EC4C297FA56700A56B65 /* Assets.xcassets */ = {isa = PBXFileReference; lastKnownFileType = folder.assetcatalog; path = Assets.xcassets; sourceTree = "<group>"; };
		78E3EC4F297FA56700A56B65 /* Base */ = {isa = PBXFileReference; lastKnownFileType = file.storyboard; name = Base; path = Base.lproj/LaunchScreen.storyboard; sourceTree = "<group>"; };
		78E3EC51297FA56700A56B65 /* Info.plist */ = {isa = PBXFileReference; lastKnownFileType = text.plist.xml; path = Info.plist; sourceTree = "<group>"; };
		78E3EC58297FA6C200A56B65 /* BoardGameViewModel.swift */ = {isa = PBXFileReference; lastKnownFileType = sourcecode.swift; path = BoardGameViewModel.swift; sourceTree = "<group>"; };
		78E3EC5B297FA71D00A56B65 /* BoardGameService.swift */ = {isa = PBXFileReference; lastKnownFileType = sourcecode.swift; path = BoardGameService.swift; sourceTree = "<group>"; };
		78E3EC5F297FA9BD00A56B65 /* BoardGame.swift */ = {isa = PBXFileReference; lastKnownFileType = sourcecode.swift; path = BoardGame.swift; sourceTree = "<group>"; };
		78E3EC61297FF41600A56B65 /* BoardGameTableViewCell.swift */ = {isa = PBXFileReference; lastKnownFileType = sourcecode.swift; path = BoardGameTableViewCell.swift; sourceTree = "<group>"; };
		78E3EC632981F71100A56B65 /* SearchResultParser.swift */ = {isa = PBXFileReference; lastKnownFileType = sourcecode.swift; path = SearchResultParser.swift; sourceTree = "<group>"; };
		78E3EC652981FC3800A56B65 /* ServiceProtocols.swift */ = {isa = PBXFileReference; lastKnownFileType = sourcecode.swift; path = ServiceProtocols.swift; sourceTree = "<group>"; };
		78E3EC6D29833D7900A56B65 /* DetailViewController.swift */ = {isa = PBXFileReference; lastKnownFileType = sourcecode.swift; path = DetailViewController.swift; sourceTree = "<group>"; };
		78E3EC6F29833D8E00A56B65 /* DetailViewModel.swift */ = {isa = PBXFileReference; lastKnownFileType = sourcecode.swift; path = DetailViewModel.swift; sourceTree = "<group>"; };
		78E3EC7129833DD500A56B65 /* BoardGameDetails.swift */ = {isa = PBXFileReference; lastKnownFileType = sourcecode.swift; path = BoardGameDetails.swift; sourceTree = "<group>"; };
		78E3EC73298363A200A56B65 /* DetailParser.swift */ = {isa = PBXFileReference; lastKnownFileType = sourcecode.swift; path = DetailParser.swift; sourceTree = "<group>"; };
		78E3EC752983836C00A56B65 /* StoryboardProtocol.swift */ = {isa = PBXFileReference; lastKnownFileType = sourcecode.swift; path = StoryboardProtocol.swift; sourceTree = "<group>"; };
/* End PBXFileReference section */

/* Begin PBXFrameworksBuildPhase section */
		78E3EC3D297FA56600A56B65 /* Frameworks */ = {
			isa = PBXFrameworksBuildPhase;
			buildActionMask = 2147483647;
			files = (
			);
			runOnlyForDeploymentPostprocessing = 0;
		};
/* End PBXFrameworksBuildPhase section */

/* Begin PBXGroup section */
		78030315298514ED00A0BA35 /* Extensions */ = {
			isa = PBXGroup;
			children = (
			);
			path = Extensions;
			sourceTree = "<group>";
		};
		78E3EC37297FA56600A56B65 = {
			isa = PBXGroup;
			children = (
				78E3EC42297FA56600A56B65 /* BoardGameGeek */,
				78E3EC41297FA56600A56B65 /* Products */,
			);
			sourceTree = "<group>";
		};
		78E3EC41297FA56600A56B65 /* Products */ = {
			isa = PBXGroup;
			children = (
				78E3EC40297FA56600A56B65 /* BoardGameGeek.app */,
			);
			name = Products;
			sourceTree = "<group>";
		};
		78E3EC42297FA56600A56B65 /* BoardGameGeek */ = {
			isa = PBXGroup;
			children = (
				78E3EC5E297FA9A300A56B65 /* Model */,
				78E3EC5A297FA6FB00A56B65 /* Service */,
				78E3EC57297FA69B00A56B65 /* ViewModel */,
				78E3EC43297FA56600A56B65 /* AppDelegate.swift */,
				78E3EC45297FA56600A56B65 /* SceneDelegate.swift */,
				78E3EC5D297FA85500A56B65 /* View */,
				78E3EC49297FA56600A56B65 /* Main.storyboard */,
				78E3EC4C297FA56700A56B65 /* Assets.xcassets */,
				78E3EC4E297FA56700A56B65 /* LaunchScreen.storyboard */,
				78E3EC51297FA56700A56B65 /* Info.plist */,
				780303132985149700A0BA35 /* String+withXMLChars.swift */,
				78030315298514ED00A0BA35 /* Extensions */,
			);
			path = BoardGameGeek;
			sourceTree = "<group>";
		};
		78E3EC57297FA69B00A56B65 /* ViewModel */ = {
			isa = PBXGroup;
			children = (
				78E3EC6A29833D1900A56B65 /* Detail */,
				78E3EC6929833D0E00A56B65 /* SearchList */,
			);
			path = ViewModel;
			sourceTree = "<group>";
		};
		78E3EC5A297FA6FB00A56B65 /* Service */ = {
			isa = PBXGroup;
			children = (
				78E3EC5B297FA71D00A56B65 /* BoardGameService.swift */,
				78E3EC632981F71100A56B65 /* SearchResultParser.swift */,
				78E3EC652981FC3800A56B65 /* ServiceProtocols.swift */,
				78E3EC73298363A200A56B65 /* DetailParser.swift */,
			);
			path = Service;
			sourceTree = "<group>";
		};
		78E3EC5D297FA85500A56B65 /* View */ = {
			isa = PBXGroup;
			children = (
				7803030F2984DB9A00A0BA35 /* RoundedImageView.swift */,
				78E3EC6829833D0200A56B65 /* Detail */,
				78E3EC6729833CF200A56B65 /* SearchList */,
				78E3EC752983836C00A56B65 /* StoryboardProtocol.swift */,
			);
			path = View;
			sourceTree = "<group>";
		};
		78E3EC5E297FA9A300A56B65 /* Model */ = {
			isa = PBXGroup;
			children = (
				78E3EC6C29833D3400A56B65 /* Detail */,
				78E3EC6B29833D2C00A56B65 /* SearchList */,
			);
			path = Model;
			sourceTree = "<group>";
		};
		78E3EC6729833CF200A56B65 /* SearchList */ = {
			isa = PBXGroup;
			children = (
				78E3EC61297FF41600A56B65 /* BoardGameTableViewCell.swift */,
				78E3EC47297FA56600A56B65 /* BoardGameController.swift */,
				780303112984FC2000A0BA35 /* EmptyTableViewCell.swift */,
			);
			path = SearchList;
			sourceTree = "<group>";
		};
		78E3EC6829833D0200A56B65 /* Detail */ = {
			isa = PBXGroup;
			children = (
				78E3EC6D29833D7900A56B65 /* DetailViewController.swift */,
			);
			path = Detail;
			sourceTree = "<group>";
		};
		78E3EC6929833D0E00A56B65 /* SearchList */ = {
			isa = PBXGroup;
			children = (
				78E3EC58297FA6C200A56B65 /* BoardGameViewModel.swift */,
			);
			path = SearchList;
			sourceTree = "<group>";
		};
		78E3EC6A29833D1900A56B65 /* Detail */ = {
			isa = PBXGroup;
			children = (
				78E3EC6F29833D8E00A56B65 /* DetailViewModel.swift */,
			);
			path = Detail;
			sourceTree = "<group>";
		};
		78E3EC6B29833D2C00A56B65 /* SearchList */ = {
			isa = PBXGroup;
			children = (
				78E3EC5F297FA9BD00A56B65 /* BoardGame.swift */,
			);
			path = SearchList;
			sourceTree = "<group>";
		};
		78E3EC6C29833D3400A56B65 /* Detail */ = {
			isa = PBXGroup;
			children = (
				78E3EC7129833DD500A56B65 /* BoardGameDetails.swift */,
			);
			path = Detail;
			sourceTree = "<group>";
		};
/* End PBXGroup section */

/* Begin PBXNativeTarget section */
		78E3EC3F297FA56600A56B65 /* BoardGameGeek */ = {
			isa = PBXNativeTarget;
			buildConfigurationList = 78E3EC54297FA56700A56B65 /* Build configuration list for PBXNativeTarget "BoardGameGeek" */;
			buildPhases = (
				78E3EC3C297FA56600A56B65 /* Sources */,
				78E3EC3D297FA56600A56B65 /* Frameworks */,
				78E3EC3E297FA56600A56B65 /* Resources */,
			);
			buildRules = (
			);
			dependencies = (
			);
			name = BoardGameGeek;
			productName = BoardGameGeek;
			productReference = 78E3EC40297FA56600A56B65 /* BoardGameGeek.app */;
			productType = "com.apple.product-type.application";
		};
/* End PBXNativeTarget section */

/* Begin PBXProject section */
		78E3EC38297FA56600A56B65 /* Project object */ = {
			isa = PBXProject;
			attributes = {
				BuildIndependentTargetsInParallel = 1;
				LastSwiftUpdateCheck = 1420;
				LastUpgradeCheck = 1420;
				TargetAttributes = {
					78E3EC3F297FA56600A56B65 = {
						CreatedOnToolsVersion = 14.2;
					};
				};
			};
			buildConfigurationList = 78E3EC3B297FA56600A56B65 /* Build configuration list for PBXProject "BoardGameGeek" */;
			compatibilityVersion = "Xcode 14.0";
			developmentRegion = en;
			hasScannedForEncodings = 0;
			knownRegions = (
				en,
				Base,
			);
			mainGroup = 78E3EC37297FA56600A56B65;
			productRefGroup = 78E3EC41297FA56600A56B65 /* Products */;
			projectDirPath = "";
			projectRoot = "";
			targets = (
				78E3EC3F297FA56600A56B65 /* BoardGameGeek */,
			);
		};
/* End PBXProject section */

/* Begin PBXResourcesBuildPhase section */
		78E3EC3E297FA56600A56B65 /* Resources */ = {
			isa = PBXResourcesBuildPhase;
			buildActionMask = 2147483647;
			files = (
				78E3EC50297FA56700A56B65 /* LaunchScreen.storyboard in Resources */,
				78E3EC4D297FA56700A56B65 /* Assets.xcassets in Resources */,
				78E3EC4B297FA56600A56B65 /* Main.storyboard in Resources */,
			);
			runOnlyForDeploymentPostprocessing = 0;
		};
/* End PBXResourcesBuildPhase section */

/* Begin PBXSourcesBuildPhase section */
		78E3EC3C297FA56600A56B65 /* Sources */ = {
			isa = PBXSourcesBuildPhase;
			buildActionMask = 2147483647;
			files = (
				780303142985149700A0BA35 /* String+withXMLChars.swift in Sources */,
				780303102984DB9A00A0BA35 /* RoundedImageView.swift in Sources */,
				78E3EC48297FA56600A56B65 /* BoardGameController.swift in Sources */,
				78E3EC62297FF41600A56B65 /* BoardGameTableViewCell.swift in Sources */,
				78E3EC59297FA6C200A56B65 /* BoardGameViewModel.swift in Sources */,
				78E3EC44297FA56600A56B65 /* AppDelegate.swift in Sources */,
				780303122984FC2000A0BA35 /* EmptyTableViewCell.swift in Sources */,
				78E3EC74298363A200A56B65 /* DetailParser.swift in Sources */,
				78E3EC46297FA56600A56B65 /* SceneDelegate.swift in Sources */,
				78E3EC762983836C00A56B65 /* StoryboardProtocol.swift in Sources */,
				78E3EC7229833DD500A56B65 /* BoardGameDetails.swift in Sources */,
				78E3EC642981F71100A56B65 /* SearchResultParser.swift in Sources */,
				78E3EC662981FC3800A56B65 /* ServiceProtocols.swift in Sources */,
				78E3EC6E29833D7900A56B65 /* DetailViewController.swift in Sources */,
				78E3EC60297FA9BD00A56B65 /* BoardGame.swift in Sources */,
				78E3EC7029833D8E00A56B65 /* DetailViewModel.swift in Sources */,
				78E3EC5C297FA71D00A56B65 /* BoardGameService.swift in Sources */,
			);
			runOnlyForDeploymentPostprocessing = 0;
		};
/* End PBXSourcesBuildPhase section */

/* Begin PBXVariantGroup section */
		78E3EC49297FA56600A56B65 /* Main.storyboard */ = {
			isa = PBXVariantGroup;
			children = (
				78E3EC4A297FA56600A56B65 /* Base */,
			);
			name = Main.storyboard;
			sourceTree = "<group>";
		};
		78E3EC4E297FA56700A56B65 /* LaunchScreen.storyboard */ = {
			isa = PBXVariantGroup;
			children = (
				78E3EC4F297FA56700A56B65 /* Base */,
			);
			name = LaunchScreen.storyboard;
			sourceTree = "<group>";
		};
/* End PBXVariantGroup section */

/* Begin XCBuildConfiguration section */
		78E3EC52297FA56700A56B65 /* Debug */ = {
			isa = XCBuildConfiguration;
			buildSettings = {
				ALWAYS_SEARCH_USER_PATHS = NO;
				CLANG_ANALYZER_NONNULL = YES;
				CLANG_ANALYZER_NUMBER_OBJECT_CONVERSION = YES_AGGRESSIVE;
				CLANG_CXX_LANGUAGE_STANDARD = "gnu++20";
				CLANG_ENABLE_MODULES = YES;
				CLANG_ENABLE_OBJC_ARC = YES;
				CLANG_ENABLE_OBJC_WEAK = YES;
				CLANG_WARN_BLOCK_CAPTURE_AUTORELEASING = YES;
				CLANG_WARN_BOOL_CONVERSION = YES;
				CLANG_WARN_COMMA = YES;
				CLANG_WARN_CONSTANT_CONVERSION = YES;
				CLANG_WARN_DEPRECATED_OBJC_IMPLEMENTATIONS = YES;
				CLANG_WARN_DIRECT_OBJC_ISA_USAGE = YES_ERROR;
				CLANG_WARN_DOCUMENTATION_COMMENTS = YES;
				CLANG_WARN_EMPTY_BODY = YES;
				CLANG_WARN_ENUM_CONVERSION = YES;
				CLANG_WARN_INFINITE_RECURSION = YES;
				CLANG_WARN_INT_CONVERSION = YES;
				CLANG_WARN_NON_LITERAL_NULL_CONVERSION = YES;
				CLANG_WARN_OBJC_IMPLICIT_RETAIN_SELF = YES;
				CLANG_WARN_OBJC_LITERAL_CONVERSION = YES;
				CLANG_WARN_OBJC_ROOT_CLASS = YES_ERROR;
				CLANG_WARN_QUOTED_INCLUDE_IN_FRAMEWORK_HEADER = YES;
				CLANG_WARN_RANGE_LOOP_ANALYSIS = YES;
				CLANG_WARN_STRICT_PROTOTYPES = YES;
				CLANG_WARN_SUSPICIOUS_MOVE = YES;
				CLANG_WARN_UNGUARDED_AVAILABILITY = YES_AGGRESSIVE;
				CLANG_WARN_UNREACHABLE_CODE = YES;
				CLANG_WARN__DUPLICATE_METHOD_MATCH = YES;
				COPY_PHASE_STRIP = NO;
				DEBUG_INFORMATION_FORMAT = dwarf;
				ENABLE_STRICT_OBJC_MSGSEND = YES;
				ENABLE_TESTABILITY = YES;
				GCC_C_LANGUAGE_STANDARD = gnu11;
				GCC_DYNAMIC_NO_PIC = NO;
				GCC_NO_COMMON_BLOCKS = YES;
				GCC_OPTIMIZATION_LEVEL = 0;
				GCC_PREPROCESSOR_DEFINITIONS = (
					"DEBUG=1",
					"$(inherited)",
				);
				GCC_WARN_64_TO_32_BIT_CONVERSION = YES;
				GCC_WARN_ABOUT_RETURN_TYPE = YES_ERROR;
				GCC_WARN_UNDECLARED_SELECTOR = YES;
				GCC_WARN_UNINITIALIZED_AUTOS = YES_AGGRESSIVE;
				GCC_WARN_UNUSED_FUNCTION = YES;
				GCC_WARN_UNUSED_VARIABLE = YES;
				IPHONEOS_DEPLOYMENT_TARGET = 16.2;
				MTL_ENABLE_DEBUG_INFO = INCLUDE_SOURCE;
				MTL_FAST_MATH = YES;
				ONLY_ACTIVE_ARCH = YES;
				SDKROOT = iphoneos;
				SWIFT_ACTIVE_COMPILATION_CONDITIONS = DEBUG;
				SWIFT_OPTIMIZATION_LEVEL = "-Onone";
			};
			name = Debug;
		};
		78E3EC53297FA56700A56B65 /* Release */ = {
			isa = XCBuildConfiguration;
			buildSettings = {
				ALWAYS_SEARCH_USER_PATHS = NO;
				CLANG_ANALYZER_NONNULL = YES;
				CLANG_ANALYZER_NUMBER_OBJECT_CONVERSION = YES_AGGRESSIVE;
				CLANG_CXX_LANGUAGE_STANDARD = "gnu++20";
				CLANG_ENABLE_MODULES = YES;
				CLANG_ENABLE_OBJC_ARC = YES;
				CLANG_ENABLE_OBJC_WEAK = YES;
				CLANG_WARN_BLOCK_CAPTURE_AUTORELEASING = YES;
				CLANG_WARN_BOOL_CONVERSION = YES;
				CLANG_WARN_COMMA = YES;
				CLANG_WARN_CONSTANT_CONVERSION = YES;
				CLANG_WARN_DEPRECATED_OBJC_IMPLEMENTATIONS = YES;
				CLANG_WARN_DIRECT_OBJC_ISA_USAGE = YES_ERROR;
				CLANG_WARN_DOCUMENTATION_COMMENTS = YES;
				CLANG_WARN_EMPTY_BODY = YES;
				CLANG_WARN_ENUM_CONVERSION = YES;
				CLANG_WARN_INFINITE_RECURSION = YES;
				CLANG_WARN_INT_CONVERSION = YES;
				CLANG_WARN_NON_LITERAL_NULL_CONVERSION = YES;
				CLANG_WARN_OBJC_IMPLICIT_RETAIN_SELF = YES;
				CLANG_WARN_OBJC_LITERAL_CONVERSION = YES;
				CLANG_WARN_OBJC_ROOT_CLASS = YES_ERROR;
				CLANG_WARN_QUOTED_INCLUDE_IN_FRAMEWORK_HEADER = YES;
				CLANG_WARN_RANGE_LOOP_ANALYSIS = YES;
				CLANG_WARN_STRICT_PROTOTYPES = YES;
				CLANG_WARN_SUSPICIOUS_MOVE = YES;
				CLANG_WARN_UNGUARDED_AVAILABILITY = YES_AGGRESSIVE;
				CLANG_WARN_UNREACHABLE_CODE = YES;
				CLANG_WARN__DUPLICATE_METHOD_MATCH = YES;
				COPY_PHASE_STRIP = NO;
				DEBUG_INFORMATION_FORMAT = "dwarf-with-dsym";
				ENABLE_NS_ASSERTIONS = NO;
				ENABLE_STRICT_OBJC_MSGSEND = YES;
				GCC_C_LANGUAGE_STANDARD = gnu11;
				GCC_NO_COMMON_BLOCKS = YES;
				GCC_WARN_64_TO_32_BIT_CONVERSION = YES;
				GCC_WARN_ABOUT_RETURN_TYPE = YES_ERROR;
				GCC_WARN_UNDECLARED_SELECTOR = YES;
				GCC_WARN_UNINITIALIZED_AUTOS = YES_AGGRESSIVE;
				GCC_WARN_UNUSED_FUNCTION = YES;
				GCC_WARN_UNUSED_VARIABLE = YES;
				IPHONEOS_DEPLOYMENT_TARGET = 16.2;
				MTL_ENABLE_DEBUG_INFO = NO;
				MTL_FAST_MATH = YES;
				SDKROOT = iphoneos;
				SWIFT_COMPILATION_MODE = wholemodule;
				SWIFT_OPTIMIZATION_LEVEL = "-O";
				VALIDATE_PRODUCT = YES;
			};
			name = Release;
		};
		78E3EC55297FA56700A56B65 /* Debug */ = {
			isa = XCBuildConfiguration;
			buildSettings = {
				ASSETCATALOG_COMPILER_APPICON_NAME = AppIcon;
				ASSETCATALOG_COMPILER_GLOBAL_ACCENT_COLOR_NAME = AccentColor;
				CODE_SIGN_STYLE = Automatic;
				CURRENT_PROJECT_VERSION = 1;
				DEVELOPMENT_TEAM = 42KMS8LBB5;
				GENERATE_INFOPLIST_FILE = YES;
				INFOPLIST_FILE = BoardGameGeek/Info.plist;
				INFOPLIST_KEY_UIApplicationSupportsIndirectInputEvents = YES;
				INFOPLIST_KEY_UILaunchStoryboardName = LaunchScreen;
				INFOPLIST_KEY_UIMainStoryboardFile = Main;
				INFOPLIST_KEY_UISupportedInterfaceOrientations_iPad = "UIInterfaceOrientationPortrait UIInterfaceOrientationPortraitUpsideDown UIInterfaceOrientationLandscapeLeft UIInterfaceOrientationLandscapeRight";
				INFOPLIST_KEY_UISupportedInterfaceOrientations_iPhone = "UIInterfaceOrientationPortrait UIInterfaceOrientationLandscapeLeft UIInterfaceOrientationLandscapeRight";
				LD_RUNPATH_SEARCH_PATHS = (
					"$(inherited)",
					"@executable_path/Frameworks",
				);
				MARKETING_VERSION = 1.0;
				PRODUCT_BUNDLE_IDENTIFIER = Nafisa.BoardGameGeek;
				PRODUCT_NAME = "$(TARGET_NAME)";
				SWIFT_EMIT_LOC_STRINGS = YES;
				SWIFT_VERSION = 5.0;
				TARGETED_DEVICE_FAMILY = "1,2";
			};
			name = Debug;
		};
		78E3EC56297FA56700A56B65 /* Release */ = {
			isa = XCBuildConfiguration;
			buildSettings = {
				ASSETCATALOG_COMPILER_APPICON_NAME = AppIcon;
				ASSETCATALOG_COMPILER_GLOBAL_ACCENT_COLOR_NAME = AccentColor;
				CODE_SIGN_STYLE = Automatic;
				CURRENT_PROJECT_VERSION = 1;
				DEVELOPMENT_TEAM = 42KMS8LBB5;
				GENERATE_INFOPLIST_FILE = YES;
				INFOPLIST_FILE = BoardGameGeek/Info.plist;
				INFOPLIST_KEY_UIApplicationSupportsIndirectInputEvents = YES;
				INFOPLIST_KEY_UILaunchStoryboardName = LaunchScreen;
				INFOPLIST_KEY_UIMainStoryboardFile = Main;
				INFOPLIST_KEY_UISupportedInterfaceOrientations_iPad = "UIInterfaceOrientationPortrait UIInterfaceOrientationPortraitUpsideDown UIInterfaceOrientationLandscapeLeft UIInterfaceOrientationLandscapeRight";
				INFOPLIST_KEY_UISupportedInterfaceOrientations_iPhone = "UIInterfaceOrientationPortrait UIInterfaceOrientationLandscapeLeft UIInterfaceOrientationLandscapeRight";
				LD_RUNPATH_SEARCH_PATHS = (
					"$(inherited)",
					"@executable_path/Frameworks",
				);
				MARKETING_VERSION = 1.0;
				PRODUCT_BUNDLE_IDENTIFIER = Nafisa.BoardGameGeek;
				PRODUCT_NAME = "$(TARGET_NAME)";
				SWIFT_EMIT_LOC_STRINGS = YES;
				SWIFT_VERSION = 5.0;
				TARGETED_DEVICE_FAMILY = "1,2";
			};
			name = Release;
		};
/* End XCBuildConfiguration section */

/* Begin XCConfigurationList section */
		78E3EC3B297FA56600A56B65 /* Build configuration list for PBXProject "BoardGameGeek" */ = {
			isa = XCConfigurationList;
			buildConfigurations = (
				78E3EC52297FA56700A56B65 /* Debug */,
				78E3EC53297FA56700A56B65 /* Release */,
			);
			defaultConfigurationIsVisible = 0;
			defaultConfigurationName = Release;
		};
		78E3EC54297FA56700A56B65 /* Build configuration list for PBXNativeTarget "BoardGameGeek" */ = {
			isa = XCConfigurationList;
			buildConfigurations = (
				78E3EC55297FA56700A56B65 /* Debug */,
				78E3EC56297FA56700A56B65 /* Release */,
			);
			defaultConfigurationIsVisible = 0;
			defaultConfigurationName = Release;
		};
/* End XCConfigurationList section */
	};
	rootObject = 78E3EC38297FA56600A56B65 /* Project object */;
}
